# generated by rye
# use `rye lock` or `rye sync` to update this lockfile
#
# last locked with the following flags:
#   pre: false
#   features: []
#   all-features: false
#   with-sources: false
#   generate-hashes: false
#   universal: false

-e file:.
certifi==2024.7.4
    # via curl-cffi
    # via requests
cffi==1.17.0
    # via curl-cffi
charset-normalizer==3.3.2
    # via requests
click==8.1.7
    # via scidock
colorama==0.4.6
    # via click
    # via loguru
curl-cffi==0.7.1
    # via scidock
fake-useragent==1.5.1
    # via scidock
idna==3.7
    # via requests
loguru==0.7.2
    # via scidock
markdown-it-py==3.0.0
    # via rich
mdurl==0.1.2
    # via markdown-it-py
orjson==3.10.7
    # via scidock
prompt-toolkit==3.0.36
    # via questionary
pycparser==2.22
    # via cffi
pygments==2.18.0
    # via rich
questionary==2.0.1
    # via scidock
rapidfuzz==3.9.6
    # via scidock
requests==2.32.3
    # via sseclient
rich==13.7.1
    # via scidock
six==1.16.0
    # via sseclient
sseclient==0.0.27
    # via scidock
urllib3==2.2.2
    # via requests
validators==0.33.0
    # via scidock
wcwidth==0.2.13
    # via prompt-toolkit
win32-setctime==1.1.0
    # via loguru
